Microsoft Visual Studio Solution File, Format Version 11.00
# Visual Studio 2010
Project("{8BC9CEB8-8B4A-11D0-8D11-00A0C91BC942}") = "OculusWorldDemo", "OculusWorldDemo\OculusWorldDemo_Msvc2010.vcxproj", "{8051B877-2992-4F64-8C3B-FAF88B6D83AA}"
EndProject
Project("{8BC9CEB8-8B4A-11D0-8D11-00A0C91BC942}") = "SensorBoxTest", "SensorBox\SensorBoxTest_Msvc2010.vcxproj", "{8051B837-2982-4F64-8C3B-FAF88B6D83AB}"
EndProject
Global
	GlobalSection(SolutionConfigurationPlatforms) = preSolution
		Debug|Win32 = Debug|Win32
		Release|Win32 = Release|Win32
	EndGlobalSection
	GlobalSection(ProjectConfigurationPlatforms) = postSolution
		{8051B877-2992-4F64-8C3B-FAF88B6D83AA}.Debug|Win32.ActiveCfg = Debug|Win32
		{8051B877-2992-4F64-8C3B-FAF88B6D83AA}.Debug|Win32.Build.0 = Debug|Win32
		{8051B877-2992-4F64-8C3B-FAF88B6D83AA}.Release|Win32.ActiveCfg = Release|Win32
		{8051B877-2992-4F64-8C3B-FAF88B6D83AA}.Release|Win32.Build.0 = Release|Win32
		{8051B837-2982-4F64-8C3B-FAF88B6D83AB}.Debug|Win32.ActiveCfg = Debug|Win32
		{8051B837-2982-4F64-8C3B-FAF88B6D83AB}.Debug|Win32.Build.0 = Debug|Win32
		{8051B837-2982-4F64-8C3B-FAF88B6D83AB}.Release|Win32.ActiveCfg = Release|Win32
		{8051B837-2982-4F64-8C3B-FAF88B6D83AB}.Release|Win32.Build.0 = Release|Win32
	EndGlobalSection
	GlobalSection(SolutionProperties) = preSolution
		HideSolutionNode = FALSE
	EndGlobalSection
EndGlobal
